{
  "name": "lect_2_project_install",
  "version": "1.0.0",
  "lockfileVersion": 3,
  "requires": true,
  "packages": {
    "": {
      "name": "lect_2_project_install",
      "version": "1.0.0",
      "license": "ISC",
      "dependencies": {
        "korbman_project_1": "^1.0.0"
      }
    },
    "node_modules/korbman_project_1": {
      "version": "1.1.1",
      "resolved": "https://registry.npmjs.org/korbman_project_1/-/korbman_project_1-1.1.1.tgz",
      "integrity": "sha512-qnZb4i6oncp2TGiJ0NJ+kcSWN9BZGKX8YILrQsO8BnlJZS5WACu3i9VOHCkl5QiKaydZwoYB+a0BwyegHuMUfA==",
      "license": "ISC"
    }
  }
}
