{
  "name": "lect_2_project_install",
  "version": "1.0.0",
  "lockfileVersion": 3,
  "requires": true,
  "packages": {
    "": {
      "name": "lect_2_project_install",
      "version": "1.0.0",
      "license": "ISC",
      "dependencies": {
        "korbman_project_1": "^1.0.0"
      }
    },
    "node_modules/korbman_project_1": {
      "version": "1.0.0",
      "resolved": "https://registry.npmjs.org/korbman_project_1/-/korbman_project_1-1.0.0.tgz",
      "integrity": "sha512-3JOD7B+uFM3/6Q6NhtQkGDu04/PbB0RYjyakGMHy4OX3V8/XodDpNiQ6K4h57J96KM41wLFVwFu7swBEcPQSAA==",
      "license": "ISC"
    }
  }
}
